{
  "lockfileVersion": 1,
  "workspaces": {
    "": {
      "name": "ice-lang",
      "devDependencies": {
        "opencode-ai": "^1.2.26",
      },
    },
  },
  "packages": {
    "opencode-ai": ["opencode-ai@1.2.26", "", { "optionalDependencies": { "opencode-darwin-arm64": "1.2.26", "opencode-darwin-x64": "1.2.26", "opencode-darwin-x64-baseline": "1.2.26", "opencode-linux-arm64": "1.2.26", "opencode-linux-arm64-musl": "1.2.26", "opencode-linux-x64": "1.2.26", "opencode-linux-x64-baseline": "1.2.26", "opencode-linux-x64-baseline-musl": "1.2.26", "opencode-linux-x64-musl": "1.2.26", "opencode-windows-arm64": "1.2.26", "opencode-windows-x64": "1.2.26", "opencode-windows-x64-baseline": "1.2.26" }, "bin": { "opencode": "bin/opencode" } }, "sha512-dcBNK/wD5Z7bRp/MHlyHf195gkP5gxm7271C3YTS/HhavjEr1f5kVtlOvwGbm0Mmvw/ukQMi0xGHuf/RwWKrfg=="],

    "opencode-darwin-arm64": ["opencode-darwin-arm64@1.2.26", "", { "os": "darwin", "cpu": "arm64" }, "sha512-8gKkjPfqg2o86kZhgmDe4CSD1Se56uZNHXquWrp0J+vi6ZbCX9tM6aPcJtj1iSlaHe8KAq6yI6L/aHcVKgGncw=="],

    "opencode-darwin-x64": ["opencode-darwin-x64@1.2.26", "", { "os": "darwin", "cpu": "x64" }, "sha512-FHZL0EF5e30DuqWEejiFJ6sy8f/uaiPBVrzhVjmS3GhTqeJHJwOhJ/1KanzRtTmLwp3PoTx0NkQ055J61E5WDQ=="],

    "opencode-darwin-x64-baseline": ["opencode-darwin-x64-baseline@1.2.26", "", { "os": "darwin", "cpu": "x64" }, "sha512-pRv3qHj9rnflony9eQOgVFnrDZXW/XMozZ3MZx2hb4bzG33RY6t9DQ+AW3Dv+lHz2I2iMA+OYEKr6RXyxZiusw=="],

    "opencode-linux-arm64": ["opencode-linux-arm64@1.2.26", "", { "os": "linux", "cpu": "arm64" }, "sha512-GTXwn0u1flhAOSFNEY8SZmYSLmhBCfeBPE3+9TtWfznri7tWdXtJIrfcodYtQ+7C03uK1tHJSyFBJ/8TmyD2CQ=="],

    "opencode-linux-arm64-musl": ["opencode-linux-arm64-musl@1.2.26", "", { "os": "linux", "cpu": "arm64" }, "sha512-WB/aDSQX+S5XkKXfkKl7AmIePC2kGoKatdsxBEtpg1EgC/3llqHKZXxrFA5ulzlxEt7VongiyfzFFAxIzo8o1w=="],

    "opencode-linux-x64": ["opencode-linux-x64@1.2.26", "", { "os": "linux", "cpu": "x64" }, "sha512-8PvGk4tQ6VlG0Csiz6Er/h0QIrdkbCqSHfLf7vU+JtlscjST2z2NTOfG4aC+yJQkm0PZ9ZB8V4xsGkpye9u4wQ=="],

    "opencode-linux-x64-baseline": ["opencode-linux-x64-baseline@1.2.26", "", { "os": "linux", "cpu": "x64" }, "sha512-VDfR2o2FRwAP4x/LkgmfwDlSPUKSVTMRb+9w9eKhu7gTdGEzmjAkAt4rfgL7lo/K+WmwJiVY7r0IZncRU3fZIA=="],

    "opencode-linux-x64-baseline-musl": ["opencode-linux-x64-baseline-musl@1.2.26", "", { "os": "linux", "cpu": "x64" }, "sha512-al/kb5hN7YpYSz4NpAar8fZpjTLwTT+vsjTm8lgYRLxQATmHZtN1BCD6GQAuH6a4EisVDZwgYZgYIOEXL0nAwQ=="],

    "opencode-linux-x64-musl": ["opencode-linux-x64-musl@1.2.26", "", { "os": "linux", "cpu": "x64" }, "sha512-mFy4v/H3B+CsujYdqAgD91SVoxg42cyQkOgZqGuAqvlB1kxvpyGt6NqeKSRIkUZNO9XoF5wSZ8S/CiWrN0Z0uA=="],

    "opencode-windows-arm64": ["opencode-windows-arm64@1.2.26", "", { "os": "win32", "cpu": "arm64" }, "sha512-x5UPLsjenGbpJT6rzi+c01ojfp5UrM6XxqSHDfH4+ALGDz1ojBJkKtdmHMhn7NYTlmGlZpVIgIdr0Exg5OVguQ=="],

    "opencode-windows-x64": ["opencode-windows-x64@1.2.26", "", { "os": "win32", "cpu": "x64" }, "sha512-/KIuzoYja+fS/HrIZBiO7vMnPFjAyp0nZVV5XZtA5LyJ0M3+WrsCFwcG1DN3qslEeBqTzW1YOondeU5OJNcTrQ=="],

    "opencode-windows-x64-baseline": ["opencode-windows-x64-baseline@1.2.26", "", { "os": "win32", "cpu": "x64" }, "sha512-murif0cXJm7vLQXPJwf793H5PH5izK3xQR/Y5Bhn3UiVso2Xsy85QPYB2Ut4O+cU1T6IbRwXtbcN+f6c4j7hHA=="],
  }
}
