{
  "name": "ice-lang",
  "version": "1.0.0",
  "lockfileVersion": 3,
  "requires": true,
  "packages": {
    "": {
      "name": "ice-lang",
      "version": "1.0.0",
      "license": "ISC",
      "devDependencies": {
        "opencode-ai": "^1.2.26"
      }
    },
    "node_modules/opencode-ai": {
      "version": "1.2.26",
      "resolved": "https://registry.npmjs.org/opencode-ai/-/opencode-ai-1.2.26.tgz",
      "integrity": "sha512-dcBNK/wD5Z7bRp/MHlyHf195gkP5gxm7271C3YTS/HhavjEr1f5kVtlOvwGbm0Mmvw/ukQMi0xGHuf/RwWKrfg==",
      "dev": true,
      "hasInstallScript": true,
      "bin": {
        "opencode": "bin/opencode"
      },
      "optionalDependencies": {
        "opencode-darwin-arm64": "1.2.26",
        "opencode-darwin-x64": "1.2.26",
        "opencode-darwin-x64-baseline": "1.2.26",
        "opencode-linux-arm64": "1.2.26",
        "opencode-linux-arm64-musl": "1.2.26",
        "opencode-linux-x64": "1.2.26",
        "opencode-linux-x64-baseline": "1.2.26",
        "opencode-linux-x64-baseline-musl": "1.2.26",
        "opencode-linux-x64-musl": "1.2.26",
        "opencode-windows-arm64": "1.2.26",
        "opencode-windows-x64": "1.2.26",
        "opencode-windows-x64-baseline": "1.2.26"
      }
    },
    "node_modules/opencode-darwin-arm64": {
      "version": "1.2.26",
      "resolved": "https://registry.npmjs.org/opencode-darwin-arm64/-/opencode-darwin-arm64-1.2.26.tgz",
      "integrity": "sha512-8gKkjPfqg2o86kZhgmDe4CSD1Se56uZNHXquWrp0J+vi6ZbCX9tM6aPcJtj1iSlaHe8KAq6yI6L/aHcVKgGncw==",
      "cpu": [
        "arm64"
      ],
      "dev": true,
      "optional": true,
      "os": [
        "darwin"
      ]
    },
    "node_modules/opencode-darwin-x64": {
      "version": "1.2.26",
      "resolved": "https://registry.npmjs.org/opencode-darwin-x64/-/opencode-darwin-x64-1.2.26.tgz",
      "integrity": "sha512-FHZL0EF5e30DuqWEejiFJ6sy8f/uaiPBVrzhVjmS3GhTqeJHJwOhJ/1KanzRtTmLwp3PoTx0NkQ055J61E5WDQ==",
      "cpu": [
        "x64"
      ],
      "dev": true,
      "optional": true,
      "os": [
        "darwin"
      ]
    },
    "node_modules/opencode-darwin-x64-baseline": {
      "version": "1.2.26",
      "resolved": "https://registry.npmjs.org/opencode-darwin-x64-baseline/-/opencode-darwin-x64-baseline-1.2.26.tgz",
      "integrity": "sha512-pRv3qHj9rnflony9eQOgVFnrDZXW/XMozZ3MZx2hb4bzG33RY6t9DQ+AW3Dv+lHz2I2iMA+OYEKr6RXyxZiusw==",
      "cpu": [
        "x64"
      ],
      "dev": true,
      "optional": true,
      "os": [
        "darwin"
      ]
    },
    "node_modules/opencode-linux-arm64": {
      "version": "1.2.26",
      "resolved": "https://registry.npmjs.org/opencode-linux-arm64/-/opencode-linux-arm64-1.2.26.tgz",
      "integrity": "sha512-GTXwn0u1flhAOSFNEY8SZmYSLmhBCfeBPE3+9TtWfznri7tWdXtJIrfcodYtQ+7C03uK1tHJSyFBJ/8TmyD2CQ==",
      "cpu": [
        "arm64"
      ],
      "dev": true,
      "optional": true,
      "os": [
        "linux"
      ]
    },
    "node_modules/opencode-linux-arm64-musl": {
      "version": "1.2.26",
      "resolved": "https://registry.npmjs.org/opencode-linux-arm64-musl/-/opencode-linux-arm64-musl-1.2.26.tgz",
      "integrity": "sha512-WB/aDSQX+S5XkKXfkKl7AmIePC2kGoKatdsxBEtpg1EgC/3llqHKZXxrFA5ulzlxEt7VongiyfzFFAxIzo8o1w==",
      "cpu": [
        "arm64"
      ],
      "dev": true,
      "optional": true,
      "os": [
        "linux"
      ]
    },
    "node_modules/opencode-linux-x64": {
      "version": "1.2.26",
      "resolved": "https://registry.npmjs.org/opencode-linux-x64/-/opencode-linux-x64-1.2.26.tgz",
      "integrity": "sha512-8PvGk4tQ6VlG0Csiz6Er/h0QIrdkbCqSHfLf7vU+JtlscjST2z2NTOfG4aC+yJQkm0PZ9ZB8V4xsGkpye9u4wQ==",
      "cpu": [
        "x64"
      ],
      "dev": true,
      "optional": true,
      "os": [
        "linux"
      ]
    },
    "node_modules/opencode-linux-x64-baseline": {
      "version": "1.2.26",
      "resolved": "https://registry.npmjs.org/opencode-linux-x64-baseline/-/opencode-linux-x64-baseline-1.2.26.tgz",
      "integrity": "sha512-VDfR2o2FRwAP4x/LkgmfwDlSPUKSVTMRb+9w9eKhu7gTdGEzmjAkAt4rfgL7lo/K+WmwJiVY7r0IZncRU3fZIA==",
      "cpu": [
        "x64"
      ],
      "dev": true,
      "optional": true,
      "os": [
        "linux"
      ]
    },
    "node_modules/opencode-linux-x64-baseline-musl": {
      "version": "1.2.26",
      "resolved": "https://registry.npmjs.org/opencode-linux-x64-baseline-musl/-/opencode-linux-x64-baseline-musl-1.2.26.tgz",
      "integrity": "sha512-al/kb5hN7YpYSz4NpAar8fZpjTLwTT+vsjTm8lgYRLxQATmHZtN1BCD6GQAuH6a4EisVDZwgYZgYIOEXL0nAwQ==",
      "cpu": [
        "x64"
      ],
      "dev": true,
      "optional": true,
      "os": [
        "linux"
      ]
    },
    "node_modules/opencode-linux-x64-musl": {
      "version": "1.2.26",
      "resolved": "https://registry.npmjs.org/opencode-linux-x64-musl/-/opencode-linux-x64-musl-1.2.26.tgz",
      "integrity": "sha512-mFy4v/H3B+CsujYdqAgD91SVoxg42cyQkOgZqGuAqvlB1kxvpyGt6NqeKSRIkUZNO9XoF5wSZ8S/CiWrN0Z0uA==",
      "cpu": [
        "x64"
      ],
      "dev": true,
      "optional": true,
      "os": [
        "linux"
      ]
    },
    "node_modules/opencode-windows-arm64": {
      "version": "1.2.26",
      "resolved": "https://registry.npmjs.org/opencode-windows-arm64/-/opencode-windows-arm64-1.2.26.tgz",
      "integrity": "sha512-x5UPLsjenGbpJT6rzi+c01ojfp5UrM6XxqSHDfH4+ALGDz1ojBJkKtdmHMhn7NYTlmGlZpVIgIdr0Exg5OVguQ==",
      "cpu": [
        "arm64"
      ],
      "dev": true,
      "optional": true,
      "os": [
        "win32"
      ]
    },
    "node_modules/opencode-windows-x64": {
      "version": "1.2.26",
      "cpu": [
        "x64"
      ],
      "dev": true,
      "optional": true,
      "os": [
        "win32"
      ]
    },
    "node_modules/opencode-windows-x64-baseline": {
      "version": "1.2.26",
      "cpu": [
        "x64"
      ],
      "dev": true,
      "optional": true,
      "os": [
        "win32"
      ]
    }
  }
}
